
Microsoft Visual Studio Solution File, Format Version 12.00
# Visual Studio Version 16
VisualStudioVersion = 16.0.33027.164
MinimumVisualStudioVersion = 10.0.40219.1
Project("{FAE04EC0-301F-11D3-BF4B-00C04F79EFBC}") = "new", "new\new.csproj", "{1F76250A-C8C6-40A2-ABFB-1094D2035E1E}"
EndProject
Project("{FAE04EC0-301F-11D3-BF4B-00C04F79EFBC}") = "Checked Unchecked", "Check Uncheck\Checked Unchecked.csproj", "{B9E82D9C-2BC4-4C90-A2E6-B7616A00D49E}"
EndProject
Project("{FAE04EC0-301F-11D3-BF4B-00C04F79EFBC}") = "WpfDelegate", "WpfDelegate\WpfDelegate.csproj", "{C163CA9D-2FD5-47C7-95A8-4473FBFDE138}"
EndProject
Project("{FAE04EC0-301F-11D3-BF4B-00C04F79EFBC}") = "ConsoleSizeof", "ConsoleSizeof\ConsoleSizeof.csproj", "{B4909D56-5CA6-4922-8C75-5322A4EBD971}"
EndProject
Project("{FAE04EC0-301F-11D3-BF4B-00C04F79EFBC}") = "ConsolePointer", "ConsolePointer\ConsolePointer.csproj", "{422FF554-89A9-4474-AEBF-29601285E585}"
EndProject
Project("{FAE04EC0-301F-11D3-BF4B-00C04F79EFBC}") = "ConsoleUnitaryOperator", "ConsoleUnitaryOperator\ConsoleUnitaryOperator.csproj", "{C4696B0A-92F3-40B4-9AE2-629D396345C9}"
EndProject
Project("{FAE04EC0-301F-11D3-BF4B-00C04F79EFBC}") = "(T)x", "(T)x\(T)x.csproj", "{4D66B620-F37E-4878-BB09-9F966224A7CE}"
EndProject
Project("{FAE04EC0-301F-11D3-BF4B-00C04F79EFBC}") = "default", "default\default.csproj", "{6B7EA177-5B46-4DA5-B9BF-5209795BD06F}"
EndProject
Global
	GlobalSection(SolutionConfigurationPlatforms) = preSolution
		Debug|Any CPU = Debug|Any CPU
		Release|Any CPU = Release|Any CPU
	EndGlobalSection
	GlobalSection(ProjectConfigurationPlatforms) = postSolution
		{1F76250A-C8C6-40A2-ABFB-1094D2035E1E}.Debug|Any CPU.ActiveCfg = Debug|Any CPU
		{1F76250A-C8C6-40A2-ABFB-1094D2035E1E}.Debug|Any CPU.Build.0 = Debug|Any CPU
		{1F76250A-C8C6-40A2-ABFB-1094D2035E1E}.Release|Any CPU.ActiveCfg = Release|Any CPU
		{1F76250A-C8C6-40A2-ABFB-1094D2035E1E}.Release|Any CPU.Build.0 = Release|Any CPU
		{B9E82D9C-2BC4-4C90-A2E6-B7616A00D49E}.Debug|Any CPU.ActiveCfg = Debug|Any CPU
		{B9E82D9C-2BC4-4C90-A2E6-B7616A00D49E}.Debug|Any CPU.Build.0 = Debug|Any CPU
		{B9E82D9C-2BC4-4C90-A2E6-B7616A00D49E}.Release|Any CPU.ActiveCfg = Release|Any CPU
		{B9E82D9C-2BC4-4C90-A2E6-B7616A00D49E}.Release|Any CPU.Build.0 = Release|Any CPU
		{C163CA9D-2FD5-47C7-95A8-4473FBFDE138}.Debug|Any CPU.ActiveCfg = Debug|Any CPU
		{C163CA9D-2FD5-47C7-95A8-4473FBFDE138}.Debug|Any CPU.Build.0 = Debug|Any CPU
		{C163CA9D-2FD5-47C7-95A8-4473FBFDE138}.Release|Any CPU.ActiveCfg = Release|Any CPU
		{C163CA9D-2FD5-47C7-95A8-4473FBFDE138}.Release|Any CPU.Build.0 = Release|Any CPU
		{B4909D56-5CA6-4922-8C75-5322A4EBD971}.Debug|Any CPU.ActiveCfg = Debug|Any CPU
		{B4909D56-5CA6-4922-8C75-5322A4EBD971}.Debug|Any CPU.Build.0 = Debug|Any CPU
		{B4909D56-5CA6-4922-8C75-5322A4EBD971}.Release|Any CPU.ActiveCfg = Release|Any CPU
		{B4909D56-5CA6-4922-8C75-5322A4EBD971}.Release|Any CPU.Build.0 = Release|Any CPU
		{422FF554-89A9-4474-AEBF-29601285E585}.Debug|Any CPU.ActiveCfg = Debug|Any CPU
		{422FF554-89A9-4474-AEBF-29601285E585}.Debug|Any CPU.Build.0 = Debug|Any CPU
		{422FF554-89A9-4474-AEBF-29601285E585}.Release|Any CPU.ActiveCfg = Release|Any CPU
		{422FF554-89A9-4474-AEBF-29601285E585}.Release|Any CPU.Build.0 = Release|Any CPU
		{C4696B0A-92F3-40B4-9AE2-629D396345C9}.Debug|Any CPU.ActiveCfg = Debug|Any CPU
		{C4696B0A-92F3-40B4-9AE2-629D396345C9}.Debug|Any CPU.Build.0 = Debug|Any CPU
		{C4696B0A-92F3-40B4-9AE2-629D396345C9}.Release|Any CPU.ActiveCfg = Release|Any CPU
		{C4696B0A-92F3-40B4-9AE2-629D396345C9}.Release|Any CPU.Build.0 = Release|Any CPU
		{4D66B620-F37E-4878-BB09-9F966224A7CE}.Debug|Any CPU.ActiveCfg = Debug|Any CPU
		{4D66B620-F37E-4878-BB09-9F966224A7CE}.Debug|Any CPU.Build.0 = Debug|Any CPU
		{4D66B620-F37E-4878-BB09-9F966224A7CE}.Release|Any CPU.ActiveCfg = Release|Any CPU
		{4D66B620-F37E-4878-BB09-9F966224A7CE}.Release|Any CPU.Build.0 = Release|Any CPU
		{6B7EA177-5B46-4DA5-B9BF-5209795BD06F}.Debug|Any CPU.ActiveCfg = Debug|Any CPU
		{6B7EA177-5B46-4DA5-B9BF-5209795BD06F}.Debug|Any CPU.Build.0 = Debug|Any CPU
		{6B7EA177-5B46-4DA5-B9BF-5209795BD06F}.Release|Any CPU.ActiveCfg = Release|Any CPU
		{6B7EA177-5B46-4DA5-B9BF-5209795BD06F}.Release|Any CPU.Build.0 = Release|Any CPU
	EndGlobalSection
	GlobalSection(SolutionProperties) = preSolution
		HideSolutionNode = FALSE
	EndGlobalSection
	GlobalSection(ExtensibilityGlobals) = postSolution
		SolutionGuid = {78302D72-5A76-47AB-A276-908D5CF2DADE}
	EndGlobalSection
EndGlobal
